<?xml version="1.0" encoding="utf-8"?>
<Project ToolsVersion="4.0" xmlns="http://schemas.microsoft.com/developer/msbuild/2003">
  <ItemGroup>
    <ClCompile Include="main.cpp" />
    <ClCompile Include="HelperFunctions.cpp">
      <Filter>HelperFunctions</Filter>
    </ClCompile>
    <ClCompile Include="VulkanApplication.cpp">
      <Filter>VulkanApplication</Filter>
    </ClCompile>
    <ClCompile Include="ShaderCompiler.cpp">
      <Filter>ShaderCompiler</Filter>
    </ClCompile>
    <ClCompile Include="HelperStructs.cpp">
      <Filter>HelperStructs</Filter>
    </ClCompile>
  </ItemGroup>
  <ItemGroup>
    <ClInclude Include="HelperFunctions.h">
      <Filter>HelperFunctions</Filter>
    </ClInclude>
    <ClInclude Include="VulkanApplication.h">
      <Filter>VulkanApplication</Filter>
    </ClInclude>
    <ClInclude Include="ShaderCompiler.h">
      <Filter>ShaderCompiler</Filter>
    </ClInclude>
    <ClInclude Include="HelperStructs.h">
      <Filter>HelperStructs</Filter>
    </ClInclude>
  </ItemGroup>
  <ItemGroup>
    <Filter Include="HelperFunctions">
      <UniqueIdentifier>{0c2d1192-dbf2-43b3-90cd-9311b0784e6c}</UniqueIdentifier>
    </Filter>
    <Filter Include="VulkanApplication">
      <UniqueIdentifier>{8ffc5e96-851a-4222-ae2f-431d0d19e4c7}</UniqueIdentifier>
    </Filter>
    <Filter Include="ShaderCompiler">
      <UniqueIdentifier>{5d14c2fe-be5f-4c57-b0f9-6c417716df39}</UniqueIdentifier>
    </Filter>
    <Filter Include="HelperStructs">
      <UniqueIdentifier>{9c797d5f-65bb-4233-a0bf-4441fa6f4994}</UniqueIdentifier>
    </Filter>
  </ItemGroup>
</Project>